
Microsoft Visual Studio Solution File, Format Version 12.00
# Visual Studio Version 17
VisualStudioVersion = 17.0.32112.339
MinimumVisualStudioVersion = 10.0.40219.1
Project("{9A19103F-16F7-4668-BE54-9A1E7A4F7556}") = "Vending machine", "Vending machine.csproj", "{32779C68-91C5-4FE9-93FA-4EA62305115C}"
EndProject
Project("{9A19103F-16F7-4668-BE54-9A1E7A4F7556}") = "Vending.test", "..\Vending.test\Vending.test.csproj", "{AFD5074E-653E-478E-AE41-AA4B017F8581}"
	ProjectSection(ProjectDependencies) = postProject
		{32779C68-91C5-4FE9-93FA-4EA62305115C} = {32779C68-91C5-4FE9-93FA-4EA62305115C}
	EndProjectSection
EndProject
Global
	GlobalSection(SolutionConfigurationPlatforms) = preSolution
		Debug|Any CPU = Debug|Any CPU
		Release|Any CPU = Release|Any CPU
	EndGlobalSection
	GlobalSection(ProjectConfigurationPlatforms) = postSolution
		{32779C68-91C5-4FE9-93FA-4EA62305115C}.Debug|Any CPU.ActiveCfg = Debug|Any CPU
		{32779C68-91C5-4FE9-93FA-4EA62305115C}.Debug|Any CPU.Build.0 = Debug|Any CPU
		{32779C68-91C5-4FE9-93FA-4EA62305115C}.Release|Any CPU.ActiveCfg = Release|Any CPU
		{32779C68-91C5-4FE9-93FA-4EA62305115C}.Release|Any CPU.Build.0 = Release|Any CPU
		{AFD5074E-653E-478E-AE41-AA4B017F8581}.Debug|Any CPU.ActiveCfg = Debug|Any CPU
		{AFD5074E-653E-478E-AE41-AA4B017F8581}.Debug|Any CPU.Build.0 = Debug|Any CPU
		{AFD5074E-653E-478E-AE41-AA4B017F8581}.Release|Any CPU.ActiveCfg = Release|Any CPU
		{AFD5074E-653E-478E-AE41-AA4B017F8581}.Release|Any CPU.Build.0 = Release|Any CPU
	EndGlobalSection
	GlobalSection(SolutionProperties) = preSolution
		HideSolutionNode = FALSE
	EndGlobalSection
	GlobalSection(ExtensibilityGlobals) = postSolution
		SolutionGuid = {D3D133E9-D4BC-496C-ADB5-4F87A525C436}
	EndGlobalSection
EndGlobal
